// !$*UTF8*$!
{
	archiveVersion = 1;
	classes = {
	};
	objectVersion = 50;
	objects = {

/* Begin PBXBuildFile section */
		FE62037026F0458B009DC012 /* MatthewCardApp.swift in Sources */ = {isa = PBXBuildFile; fileRef = FE62036F26F0458B009DC012 /* MatthewCardApp.swift */; };
		FE62037226F0458B009DC012 /* ContentView.swift in Sources */ = {isa = PBXBuildFile; fileRef = FE62037126F0458B009DC012 /* ContentView.swift */; };
		FE62037426F0458C009DC012 /* Assets.xcassets in Resources */ = {isa = PBXBuildFile; fileRef = FE62037326F0458C009DC012 /* Assets.xcassets */; };
		FE62037726F0458C009DC012 /* Preview Assets.xcassets in Resources */ = {isa = PBXBuildFile; fileRef = FE62037626F0458C009DC012 /* Preview Assets.xcassets */; };
		FED551C426F0982A005175FC /* Pattaya-Regular.ttf in Resources */ = {isa = PBXBuildFile; fileRef = FED551C326F0982A005175FC /* Pattaya-Regular.ttf */; };
		FED551C626F0A1FD005175FC /* InfoView.swift in Sources */ = {isa = PBXBuildFile; fileRef = FED551C526F0A1FD005175FC /* InfoView.swift */; };
/* End PBXBuildFile section */

/* Begin PBXFileReference section */
		FE62036C26F0458B009DC012 /* MatthewCard.app */ = {isa = PBXFileReference; explicitFileType = wrapper.application; includeInIndex = 0; path = MatthewCard.app; sourceTree = BUILT_PRODUCTS_DIR; };
		FE62036F26F0458B009DC012 /* MatthewCardApp.swift */ = {isa = PBXFileReference; lastKnownFileType = sourcecode.swift; path = MatthewCardApp.swift; sourceTree = "<group>"; };
		FE62037126F0458B009DC012 /* ContentView.swift */ = {isa = PBXFileReference; lastKnownFileType = sourcecode.swift; path = ContentView.swift; sourceTree = "<group>"; };
		FE62037326F0458C009DC012 /* Assets.xcassets */ = {isa = PBXFileReference; lastKnownFileType = folder.assetcatalog; path = Assets.xcassets; sourceTree = "<group>"; };
		FE62037626F0458C009DC012 /* Preview Assets.xcassets */ = {isa = PBXFileReference; lastKnownFileType = folder.assetcatalog; path = "Preview Assets.xcassets"; sourceTree = "<group>"; };
		FE62037826F0458C009DC012 /* Info.plist */ = {isa = PBXFileReference; lastKnownFileType = text.plist.xml; path = Info.plist; sourceTree = "<group>"; };
		FED551C326F0982A005175FC /* Pattaya-Regular.ttf */ = {isa = PBXFileReference; lastKnownFileType = file; path = "Pattaya-Regular.ttf"; sourceTree = "<group>"; };
		FED551C526F0A1FD005175FC /* InfoView.swift */ = {isa = PBXFileReference; lastKnownFileType = sourcecode.swift; path = InfoView.swift; sourceTree = "<group>"; };
/* End PBXFileReference section */

/* Begin PBXFrameworksBuildPhase section */
		FE62036926F0458B009DC012 /* Frameworks */ = {
			isa = PBXFrameworksBuildPhase;
			buildActionMask = 2147483647;
			files = (
			);
			runOnlyForDeploymentPostprocessing = 0;
		};
/* End PBXFrameworksBuildPhase section */

/* Begin PBXGroup section */
		FE62036326F0458B009DC012 = {
			isa = PBXGroup;
			children = (
				FE62036E26F0458B009DC012 /* MatthewCard */,
				FE62036D26F0458B009DC012 /* Products */,
			);
			sourceTree = "<group>";
		};
		FE62036D26F0458B009DC012 /* Products */ = {
			isa = PBXGroup;
			children = (
				FE62036C26F0458B009DC012 /* MatthewCard.app */,
			);
			name = Products;
			sourceTree = "<group>";
		};
		FE62036E26F0458B009DC012 /* MatthewCard */ = {
			isa = PBXGroup;
			children = (
				FED551BD26F09062005175FC /* Font */,
				FE62036F26F0458B009DC012 /* MatthewCardApp.swift */,
				FE62037126F0458B009DC012 /* ContentView.swift */,
				FED551C526F0A1FD005175FC /* InfoView.swift */,
				FE62037326F0458C009DC012 /* Assets.xcassets */,
				FE62037826F0458C009DC012 /* Info.plist */,
				FE62037526F0458C009DC012 /* Preview Content */,
			);
			path = MatthewCard;
			sourceTree = "<group>";
		};
		FE62037526F0458C009DC012 /* Preview Content */ = {
			isa = PBXGroup;
			children = (
				FE62037626F0458C009DC012 /* Preview Assets.xcassets */,
			);
			path = "Preview Content";
			sourceTree = "<group>";
		};
		FED551BD26F09062005175FC /* Font */ = {
			isa = PBXGroup;
			children = (
				FED551C326F0982A005175FC /* Pattaya-Regular.ttf */,
			);
			path = Font;
			sourceTree = "<group>";
		};
/* End PBXGroup section */

/* Begin PBXNativeTarget section */
		FE62036B26F0458B009DC012 /* MatthewCard */ = {
			isa = PBXNativeTarget;
			buildConfigurationList = FE62037B26F0458C009DC012 /* Build configuration list for PBXNativeTarget "MatthewCard" */;
			buildPhases = (
				FE62036826F0458B009DC012 /* Sources */,
				FE62036926F0458B009DC012 /* Frameworks */,
				FE62036A26F0458B009DC012 /* Resources */,
			);
			buildRules = (
			);
			dependencies = (
			);
			name = MatthewCard;
			productName = MatthewCard;
			productReference = FE62036C26F0458B009DC012 /* MatthewCard.app */;
			productType = "com.apple.product-type.application";
		};
/* End PBXNativeTarget section */

/* Begin PBXProject section */
		FE62036426F0458B009DC012 /* Project object */ = {
			isa = PBXProject;
			attributes = {
				LastSwiftUpdateCheck = 1250;
				LastUpgradeCheck = 1250;
				TargetAttributes = {
					FE62036B26F0458B009DC012 = {
						CreatedOnToolsVersion = 12.5.1;
					};
				};
			};
			buildConfigurationList = FE62036726F0458B009DC012 /* Build configuration list for PBXProject "MatthewCard" */;
			compatibilityVersion = "Xcode 9.3";
			developmentRegion = en;
			hasScannedForEncodings = 0;
			knownRegions = (
				en,
				Base,
			);
			mainGroup = FE62036326F0458B009DC012;
			productRefGroup = FE62036D26F0458B009DC012 /* Products */;
			projectDirPath = "";
			projectRoot = "";
			targets = (
				FE62036B26F0458B009DC012 /* MatthewCard */,
			);
		};
/* End PBXProject section */

/* Begin PBXResourcesBuildPhase section */
		FE62036A26F0458B009DC012 /* Resources */ = {
			isa = PBXResourcesBuildPhase;
			buildActionMask = 2147483647;
			files = (
				FE62037726F0458C009DC012 /* Preview Assets.xcassets in Resources */,
				FED551C426F0982A005175FC /* Pattaya-Regular.ttf in Resources */,
				FE62037426F0458C009DC012 /* Assets.xcassets in Resources */,
			);
			runOnlyForDeploymentPostprocessing = 0;
		};
/* End PBXResourcesBuildPhase section */

/* Begin PBXSourcesBuildPhase section */
		FE62036826F0458B009DC012 /* Sources */ = {
			isa = PBXSourcesBuildPhase;
			buildActionMask = 2147483647;
			files = (
				FE62037226F0458B009DC012 /* ContentView.swift in Sources */,
				FED551C626F0A1FD005175FC /* InfoView.swift in Sources */,
				FE62037026F0458B009DC012 /* MatthewCardApp.swift in Sources */,
			);
			runOnlyForDeploymentPostprocessing = 0;
		};
/* End PBXSourcesBuildPhase section */

/* Begin XCBuildConfiguration section */
		FE62037926F0458C009DC012 /* Debug */ = {
			isa = XCBuildConfiguration;
			buildSettings = {
				ALWAYS_SEARCH_USER_PATHS = NO;
				CLANG_ANALYZER_NONNULL = YES;
				CLANG_ANALYZER_NUMBER_OBJECT_CONVERSION = YES_AGGRESSIVE;
				CLANG_CXX_LANGUAGE_STANDARD = "gnu++14";
				CLANG_CXX_LIBRARY = "libc++";
				CLANG_ENABLE_MODULES = YES;
				CLANG_ENABLE_OBJC_ARC = YES;
				CLANG_ENABLE_OBJC_WEAK = YES;
				CLANG_WARN_BLOCK_CAPTURE_AUTORELEASING = YES;
				CLANG_WARN_BOOL_CONVERSION = YES;
				CLANG_WARN_COMMA = YES;
				CLANG_WARN_CONSTANT_CONVERSION = YES;
				CLANG_WARN_DEPRECATED_OBJC_IMPLEMENTATIONS = YES;
				CLANG_WARN_DIRECT_OBJC_ISA_USAGE = YES_ERROR;
				CLANG_WARN_DOCUMENTATION_COMMENTS = YES;
				CLANG_WARN_EMPTY_BODY = YES;
				CLANG_WARN_ENUM_CONVERSION = YES;
				CLANG_WARN_INFINITE_RECURSION = YES;
				CLANG_WARN_INT_CONVERSION = YES;
				CLANG_WARN_NON_LITERAL_NULL_CONVERSION = YES;
				CLANG_WARN_OBJC_IMPLICIT_RETAIN_SELF = YES;
				CLANG_WARN_OBJC_LITERAL_CONVERSION = YES;
				CLANG_WARN_OBJC_ROOT_CLASS = YES_ERROR;
				CLANG_WARN_QUOTED_INCLUDE_IN_FRAMEWORK_HEADER = YES;
				CLANG_WARN_RANGE_LOOP_ANALYSIS = YES;
				CLANG_WARN_STRICT_PROTOTYPES = YES;
				CLANG_WARN_SUSPICIOUS_MOVE = YES;
				CLANG_WARN_UNGUARDED_AVAILABILITY = YES_AGGRESSIVE;
				CLANG_WARN_UNREACHABLE_CODE = YES;
				CLANG_WARN__DUPLICATE_METHOD_MATCH = YES;
				COPY_PHASE_STRIP = NO;
				DEBUG_INFORMATION_FORMAT = dwarf;
				ENABLE_STRICT_OBJC_MSGSEND = YES;
				ENABLE_TESTABILITY = YES;
				GCC_C_LANGUAGE_STANDARD = gnu11;
				GCC_DYNAMIC_NO_PIC = NO;
				GCC_NO_COMMON_BLOCKS = YES;
				GCC_OPTIMIZATION_LEVEL = 0;
				GCC_PREPROCESSOR_DEFINITIONS = (
					"DEBUG=1",
					"$(inherited)",
				);
				GCC_WARN_64_TO_32_BIT_CONVERSION = YES;
				GCC_WARN_ABOUT_RETURN_TYPE = YES_ERROR;
				GCC_WARN_UNDECLARED_SELECTOR = YES;
				GCC_WARN_UNINITIALIZED_AUTOS = YES_AGGRESSIVE;
				GCC_WARN_UNUSED_FUNCTION = YES;
				GCC_WARN_UNUSED_VARIABLE = YES;
				IPHONEOS_DEPLOYMENT_TARGET = 14.5;
				MTL_ENABLE_DEBUG_INFO = INCLUDE_SOURCE;
				MTL_FAST_MATH = YES;
				ONLY_ACTIVE_ARCH = YES;
				SDKROOT = iphoneos;
				SWIFT_ACTIVE_COMPILATION_CONDITIONS = DEBUG;
				SWIFT_OPTIMIZATION_LEVEL = "-Onone";
			};
			name = Debug;
		};
		FE62037A26F0458C009DC012 /* Release */ = {
			isa = XCBuildConfiguration;
			buildSettings = {
				ALWAYS_SEARCH_USER_PATHS = NO;
				CLANG_ANALYZER_NONNULL = YES;
				CLANG_ANALYZER_NUMBER_OBJECT_CONVERSION = YES_AGGRESSIVE;
				CLANG_CXX_LANGUAGE_STANDARD = "gnu++14";
				CLANG_CXX_LIBRARY = "libc++";
				CLANG_ENABLE_MODULES = YES;
				CLANG_ENABLE_OBJC_ARC = YES;
				CLANG_ENABLE_OBJC_WEAK = YES;
				CLANG_WARN_BLOCK_CAPTURE_AUTORELEASING = YES;
				CLANG_WARN_BOOL_CONVERSION = YES;
				CLANG_WARN_COMMA = YES;
				CLANG_WARN_CONSTANT_CONVERSION = YES;
				CLANG_WARN_DEPRECATED_OBJC_IMPLEMENTATIONS = YES;
				CLANG_WARN_DIRECT_OBJC_ISA_USAGE = YES_ERROR;
				CLANG_WARN_DOCUMENTATION_COMMENTS = YES;
				CLANG_WARN_EMPTY_BODY = YES;
				CLANG_WARN_ENUM_CONVERSION = YES;
				CLANG_WARN_INFINITE_RECURSION = YES;
				CLANG_WARN_INT_CONVERSION = YES;
				CLANG_WARN_NON_LITERAL_NULL_CONVERSION = YES;
				CLANG_WARN_OBJC_IMPLICIT_RETAIN_SELF = YES;
				CLANG_WARN_OBJC_LITERAL_CONVERSION = YES;
				CLANG_WARN_OBJC_ROOT_CLASS = YES_ERROR;
				CLANG_WARN_QUOTED_INCLUDE_IN_FRAMEWORK_HEADER = YES;
				CLANG_WARN_RANGE_LOOP_ANALYSIS = YES;
				CLANG_WARN_STRICT_PROTOTYPES = YES;
				CLANG_WARN_SUSPICIOUS_MOVE = YES;
				CLANG_WARN_UNGUARDED_AVAILABILITY = YES_AGGRESSIVE;
				CLANG_WARN_UNREACHABLE_CODE = YES;
				CLANG_WARN__DUPLICATE_METHOD_MATCH = YES;
				COPY_PHASE_STRIP = NO;
				DEBUG_INFORMATION_FORMAT = "dwarf-with-dsym";
				ENABLE_NS_ASSERTIONS = NO;
				ENABLE_STRICT_OBJC_MSGSEND = YES;
				GCC_C_LANGUAGE_STANDARD = gnu11;
				GCC_NO_COMMON_BLOCKS = YES;
				GCC_WARN_64_TO_32_BIT_CONVERSION = YES;
				GCC_WARN_ABOUT_RETURN_TYPE = YES_ERROR;
				GCC_WARN_UNDECLARED_SELECTOR = YES;
				GCC_WARN_UNINITIALIZED_AUTOS = YES_AGGRESSIVE;
				GCC_WARN_UNUSED_FUNCTION = YES;
				GCC_WARN_UNUSED_VARIABLE = YES;
				IPHONEOS_DEPLOYMENT_TARGET = 14.5;
				MTL_ENABLE_DEBUG_INFO = NO;
				MTL_FAST_MATH = YES;
				SDKROOT = iphoneos;
				SWIFT_COMPILATION_MODE = wholemodule;
				SWIFT_OPTIMIZATION_LEVEL = "-O";
				VALIDATE_PRODUCT = YES;
			};
			name = Release;
		};
		FE62037C26F0458C009DC012 /* Debug */ = {
			isa = XCBuildConfiguration;
			buildSettings = {
				ASSETCATALOG_COMPILER_APPICON_NAME = AppIcon;
				ASSETCATALOG_COMPILER_GLOBAL_ACCENT_COLOR_NAME = AccentColor;
				CODE_SIGN_STYLE = Automatic;
				DEVELOPMENT_ASSET_PATHS = "\"MatthewCard/Preview Content\"";
				DEVELOPMENT_TEAM = 7NYS62N9WB;
				ENABLE_PREVIEWS = YES;
				INFOPLIST_FILE = MatthewCard/Info.plist;
				IPHONEOS_DEPLOYMENT_TARGET = 14.0;
				LD_RUNPATH_SEARCH_PATHS = (
					"$(inherited)",
					"@executable_path/Frameworks",
				);
				PRODUCT_BUNDLE_IDENTIFIER = com.otter618.MatthewCard;
				PRODUCT_NAME = "$(TARGET_NAME)";
				SWIFT_VERSION = 5.0;
				TARGETED_DEVICE_FAMILY = "1,2";
			};
			name = Debug;
		};
		FE62037D26F0458C009DC012 /* Release */ = {
			isa = XCBuildConfiguration;
			buildSettings = {
				ASSETCATALOG_COMPILER_APPICON_NAME = AppIcon;
				ASSETCATALOG_COMPILER_GLOBAL_ACCENT_COLOR_NAME = AccentColor;
				CODE_SIGN_STYLE = Automatic;
				DEVELOPMENT_ASSET_PATHS = "\"MatthewCard/Preview Content\"";
				DEVELOPMENT_TEAM = 7NYS62N9WB;
				ENABLE_PREVIEWS = YES;
				INFOPLIST_FILE = MatthewCard/Info.plist;
				IPHONEOS_DEPLOYMENT_TARGET = 14.0;
				LD_RUNPATH_SEARCH_PATHS = (
					"$(inherited)",
					"@executable_path/Frameworks",
				);
				PRODUCT_BUNDLE_IDENTIFIER = com.otter618.MatthewCard;
				PRODUCT_NAME = "$(TARGET_NAME)";
				SWIFT_VERSION = 5.0;
				TARGETED_DEVICE_FAMILY = "1,2";
			};
			name = Release;
		};
/* End XCBuildConfiguration section */

/* Begin XCConfigurationList section */
		FE62036726F0458B009DC012 /* Build configuration list for PBXProject "MatthewCard" */ = {
			isa = XCConfigurationList;
			buildConfigurations = (
				FE62037926F0458C009DC012 /* Debug */,
				FE62037A26F0458C009DC012 /* Release */,
			);
			defaultConfigurationIsVisible = 0;
			defaultConfigurationName = Release;
		};
		FE62037B26F0458C009DC012 /* Build configuration list for PBXNativeTarget "MatthewCard" */ = {
			isa = XCConfigurationList;
			buildConfigurations = (
				FE62037C26F0458C009DC012 /* Debug */,
				FE62037D26F0458C009DC012 /* Release */,
			);
			defaultConfigurationIsVisible = 0;
			defaultConfigurationName = Release;
		};
/* End XCConfigurationList section */
	};
	rootObject = FE62036426F0458B009DC012 /* Project object */;
}
